
Microsoft Visual Studio Solution File, Format Version 11.00
# Visual C# Express 2010
Project("{FAE04EC0-301F-11D3-BF4B-00C04F79EFBC}") = "ZombieGame", "ZombieGame\ZombieGame\ZombieGame.csproj", "{BCDACB1D-5E01-402A-BCD2-0F96706E824F}"
EndProject
Project("{FAE04EC0-301F-11D3-BF4B-00C04F79EFBC}") = "ZombieGameContent", "ZombieGame\ZombieGameContent\ZombieGameContent.contentproj", "{633B8A3B-07EC-4A60-A0B2-A4946443C520}"
EndProject
Global
	GlobalSection(SolutionConfigurationPlatforms) = preSolution
		Debug|x86 = Debug|x86
		Release|x86 = Release|x86
	EndGlobalSection
	GlobalSection(ProjectConfigurationPlatforms) = postSolution
		{BCDACB1D-5E01-402A-BCD2-0F96706E824F}.Debug|x86.ActiveCfg = Debug|x86
		{BCDACB1D-5E01-402A-BCD2-0F96706E824F}.Debug|x86.Build.0 = Debug|x86
		{BCDACB1D-5E01-402A-BCD2-0F96706E824F}.Release|x86.ActiveCfg = Release|x86
		{BCDACB1D-5E01-402A-BCD2-0F96706E824F}.Release|x86.Build.0 = Release|x86
		{633B8A3B-07EC-4A60-A0B2-A4946443C520}.Debug|x86.ActiveCfg = Debug|x86
		{633B8A3B-07EC-4A60-A0B2-A4946443C520}.Release|x86.ActiveCfg = Release|x86
	EndGlobalSection
	GlobalSection(SolutionProperties) = preSolution
		HideSolutionNode = FALSE
	EndGlobalSection
EndGlobal
